
Microsoft Visual Studio Solution File, Format Version 12.00
# Visual Studio 15
VisualStudioVersion = 15.0.26730.10
MinimumVisualStudioVersion = 10.0.40219.1
Project("{9A19103F-16F7-4668-BE54-9A1E7A4F7556}") = "NullFX.CRC", "NullFX.Crc\NullFX.CRC.csproj", "{397FED63-D92E-4373-8DCE-3DAC62AEA656}"
EndProject
Project("{9A19103F-16F7-4668-BE54-9A1E7A4F7556}") = "NullFX.CRC.Tests", "NullFX.CRC.Tests\NullFX.CRC.Tests.csproj", "{330036FA-2257-41F2-8B9C-0713FFD1880A}"
EndProject
Global
	GlobalSection(SolutionConfigurationPlatforms) = preSolution
		Debug|Any CPU = Debug|Any CPU
		Release|Any CPU = Release|Any CPU
	EndGlobalSection
	GlobalSection(ProjectConfigurationPlatforms) = postSolution
		{397FED63-D92E-4373-8DCE-3DAC62AEA656}.Debug|Any CPU.ActiveCfg = Debug|Any CPU
		{397FED63-D92E-4373-8DCE-3DAC62AEA656}.Debug|Any CPU.Build.0 = Debug|Any CPU
		{397FED63-D92E-4373-8DCE-3DAC62AEA656}.Release|Any CPU.ActiveCfg = Release|Any CPU
		{397FED63-D92E-4373-8DCE-3DAC62AEA656}.Release|Any CPU.Build.0 = Release|Any CPU
		{330036FA-2257-41F2-8B9C-0713FFD1880A}.Debug|Any CPU.ActiveCfg = Debug|Any CPU
		{330036FA-2257-41F2-8B9C-0713FFD1880A}.Debug|Any CPU.Build.0 = Debug|Any CPU
		{330036FA-2257-41F2-8B9C-0713FFD1880A}.Release|Any CPU.ActiveCfg = Release|Any CPU
		{330036FA-2257-41F2-8B9C-0713FFD1880A}.Release|Any CPU.Build.0 = Release|Any CPU
	EndGlobalSection
	GlobalSection(SolutionProperties) = preSolution
		HideSolutionNode = FALSE
	EndGlobalSection
	GlobalSection(ExtensibilityGlobals) = postSolution
		SolutionGuid = {F47041A1-1EFA-434C-B747-EAD2DC7A322A}
	EndGlobalSection
EndGlobal
